// !$*UTF8*$!
{
	archiveVersion = 1;
	classes = {
	};
	objectVersion = 46;
	objects = {

/* Begin PBXBuildFile section */
		C800DEC118916A1D00A5C4A9 /* Foundation.framework in Frameworks */ = {isa = PBXBuildFile; fileRef = C800DEC018916A1D00A5C4A9 /* Foundation.framework */; };
		C800DEC318916A1D00A5C4A9 /* CoreGraphics.framework in Frameworks */ = {isa = PBXBuildFile; fileRef = C800DEC218916A1D00A5C4A9 /* CoreGraphics.framework */; };
		C800DEC518916A1D00A5C4A9 /* UIKit.framework in Frameworks */ = {isa = PBXBuildFile; fileRef = C800DEC418916A1D00A5C4A9 /* UIKit.framework */; };
		C800DEC718916A1D00A5C4A9 /* CoreData.framework in Frameworks */ = {isa = PBXBuildFile; fileRef = C800DEC618916A1D00A5C4A9 /* CoreData.framework */; };
		C800DECD18916A1D00A5C4A9 /* InfoPlist.strings in Resources */ = {isa = PBXBuildFile; fileRef = C800DECB18916A1D00A5C4A9 /* InfoPlist.strings */; };
		C800DECF18916A1D00A5C4A9 /* main.m in Sources */ = {isa = PBXBuildFile; fileRef = C800DECE18916A1D00A5C4A9 /* main.m */; };
		C800DED318916A1D00A5C4A9 /* PMAppDelegate.m in Sources */ = {isa = PBXBuildFile; fileRef = C800DED218916A1D00A5C4A9 /* PMAppDelegate.m */; };
		C800DED618916A1D00A5C4A9 /* Pool_Monitor.xcdatamodeld in Sources */ = {isa = PBXBuildFile; fileRef = C800DED418916A1D00A5C4A9 /* Pool_Monitor.xcdatamodeld */; };
		C800DED818916A1D00A5C4A9 /* Images.xcassets in Resources */ = {isa = PBXBuildFile; fileRef = C800DED718916A1D00A5C4A9 /* Images.xcassets */; };
		C800DEDF18916A1D00A5C4A9 /* XCTest.framework in Frameworks */ = {isa = PBXBuildFile; fileRef = C800DEDE18916A1D00A5C4A9 /* XCTest.framework */; };
		C800DEE018916A1D00A5C4A9 /* Foundation.framework in Frameworks */ = {isa = PBXBuildFile; fileRef = C800DEC018916A1D00A5C4A9 /* Foundation.framework */; };
		C800DEE118916A1D00A5C4A9 /* UIKit.framework in Frameworks */ = {isa = PBXBuildFile; fileRef = C800DEC418916A1D00A5C4A9 /* UIKit.framework */; };
		C800DEE218916A1D00A5C4A9 /* CoreData.framework in Frameworks */ = {isa = PBXBuildFile; fileRef = C800DEC618916A1D00A5C4A9 /* CoreData.framework */; };
		C800DEEA18916A1D00A5C4A9 /* InfoPlist.strings in Resources */ = {isa = PBXBuildFile; fileRef = C800DEE818916A1D00A5C4A9 /* InfoPlist.strings */; };
		C800DEEC18916A1D00A5C4A9 /* Pool_MonitorTests.m in Sources */ = {isa = PBXBuildFile; fileRef = C800DEEB18916A1D00A5C4A9 /* Pool_MonitorTests.m */; };
/* End PBXBuildFile section */

/* Begin PBXContainerItemProxy section */
		C800DEE318916A1D00A5C4A9 /* PBXContainerItemProxy */ = {
			isa = PBXContainerItemProxy;
			containerPortal = C800DEB518916A1D00A5C4A9 /* Project object */;
			proxyType = 1;
			remoteGlobalIDString = C800DEBC18916A1D00A5C4A9;
			remoteInfo = "Pool Monitor";
		};
/* End PBXContainerItemProxy section */

/* Begin PBXFileReference section */
		C800DEBD18916A1D00A5C4A9 /* Pool Monitor.app */ = {isa = PBXFileReference; explicitFileType = wrapper.application; includeInIndex = 0; path = "Pool Monitor.app"; sourceTree = BUILT_PRODUCTS_DIR; };
		C800DEC018916A1D00A5C4A9 /* Foundation.framework */ = {isa = PBXFileReference; lastKnownFileType = wrapper.framework; name = Foundation.framework; path = System/Library/Frameworks/Foundation.framework; sourceTree = SDKROOT; };
		C800DEC218916A1D00A5C4A9 /* CoreGraphics.framework */ = {isa = PBXFileReference; lastKnownFileType = wrapper.framework; name = CoreGraphics.framework; path = System/Library/Frameworks/CoreGraphics.framework; sourceTree = SDKROOT; };
		C800DEC418916A1D00A5C4A9 /* UIKit.framework */ = {isa = PBXFileReference; lastKnownFileType = wrapper.framework; name = UIKit.framework; path = System/Library/Frameworks/UIKit.framework; sourceTree = SDKROOT; };
		C800DEC618916A1D00A5C4A9 /* CoreData.framework */ = {isa = PBXFileReference; lastKnownFileType = wrapper.framework; name = CoreData.framework; path = System/Library/Frameworks/CoreData.framework; sourceTree = SDKROOT; };
		C800DECA18916A1D00A5C4A9 /* Pool Monitor-Info.plist */ = {isa = PBXFileReference; lastKnownFileType = text.plist.xml; path = "Pool Monitor-Info.plist"; sourceTree = "<group>"; };
		C800DECC18916A1D00A5C4A9 /* en */ = {isa = PBXFileReference; lastKnownFileType = text.plist.strings; name = en; path = en.lproj/InfoPlist.strings; sourceTree = "<group>"; };
		C800DECE18916A1D00A5C4A9 /* main.m */ = {isa = PBXFileReference; lastKnownFileType = sourcecode.c.objc; path = main.m; sourceTree = "<group>"; };
		C800DED018916A1D00A5C4A9 /* Pool Monitor-Prefix.pch */ = {isa = PBXFileReference; lastKnownFileType = sourcecode.c.h; path = "Pool Monitor-Prefix.pch"; sourceTree = "<group>"; };
		C800DED118916A1D00A5C4A9 /* PMAppDelegate.h */ = {isa = PBXFileReference; lastKnownFileType = sourcecode.c.h; path = PMAppDelegate.h; sourceTree = "<group>"; };
		C800DED218916A1D00A5C4A9 /* PMAppDelegate.m */ = {isa = PBXFileReference; lastKnownFileType = sourcecode.c.objc; path = PMAppDelegate.m; sourceTree = "<group>"; };
		C800DED518916A1D00A5C4A9 /* Pool_Monitor.xcdatamodel */ = {isa = PBXFileReference; lastKnownFileType = wrapper.xcdatamodel; path = Pool_Monitor.xcdatamodel; sourceTree = "<group>"; };
		C800DED718916A1D00A5C4A9 /* Images.xcassets */ = {isa = PBXFileReference; lastKnownFileType = folder.assetcatalog; path = Images.xcassets; sourceTree = "<group>"; };
		C800DEDD18916A1D00A5C4A9 /* Pool MonitorTests.xctest */ = {isa = PBXFileReference; explicitFileType = wrapper.cfbundle; includeInIndex = 0; path = "Pool MonitorTests.xctest"; sourceTree = BUILT_PRODUCTS_DIR; };
		C800DEDE18916A1D00A5C4A9 /* XCTest.framework */ = {isa = PBXFileReference; lastKnownFileType = wrapper.framework; name = XCTest.framework; path = Library/Frameworks/XCTest.framework; sourceTree = DEVELOPER_DIR; };
		C800DEE718916A1D00A5C4A9 /* Pool MonitorTests-Info.plist */ = {isa = PBXFileReference; lastKnownFileType = text.plist.xml; path = "Pool MonitorTests-Info.plist"; sourceTree = "<group>"; };
		C800DEE918916A1D00A5C4A9 /* en */ = {isa = PBXFileReference; lastKnownFileType = text.plist.strings; name = en; path = en.lproj/InfoPlist.strings; sourceTree = "<group>"; };
		C800DEEB18916A1D00A5C4A9 /* Pool_MonitorTests.m */ = {isa = PBXFileReference; lastKnownFileType = sourcecode.c.objc; path = Pool_MonitorTests.m; sourceTree = "<group>"; };
/* End PBXFileReference section */

/* Begin PBXFrameworksBuildPhase section */
		C800DEBA18916A1D00A5C4A9 /* Frameworks */ = {
			isa = PBXFrameworksBuildPhase;
			buildActionMask = 2147483647;
			files = (
				C800DEC318916A1D00A5C4A9 /* CoreGraphics.framework in Frameworks */,
				C800DEC718916A1D00A5C4A9 /* CoreData.framework in Frameworks */,
				C800DEC518916A1D00A5C4A9 /* UIKit.framework in Frameworks */,
				C800DEC118916A1D00A5C4A9 /* Foundation.framework in Frameworks */,
			);
			runOnlyForDeploymentPostprocessing = 0;
		};
		C800DEDA18916A1D00A5C4A9 /* Frameworks */ = {
			isa = PBXFrameworksBuildPhase;
			buildActionMask = 2147483647;
			files = (
				C800DEDF18916A1D00A5C4A9 /* XCTest.framework in Frameworks */,
				C800DEE218916A1D00A5C4A9 /* CoreData.framework in Frameworks */,
				C800DEE118916A1D00A5C4A9 /* UIKit.framework in Frameworks */,
				C800DEE018916A1D00A5C4A9 /* Foundation.framework in Frameworks */,
			);
			runOnlyForDeploymentPostprocessing = 0;
		};
/* End PBXFrameworksBuildPhase section */

/* Begin PBXGroup section */
		C800DEB418916A1D00A5C4A9 = {
			isa = PBXGroup;
			children = (
				C800DEC818916A1D00A5C4A9 /* Pool Monitor */,
				C800DEE518916A1D00A5C4A9 /* Pool MonitorTests */,
				C800DEBF18916A1D00A5C4A9 /* Frameworks */,
				C800DEBE18916A1D00A5C4A9 /* Products */,
			);
			sourceTree = "<group>";
		};
		C800DEBE18916A1D00A5C4A9 /* Products */ = {
			isa = PBXGroup;
			children = (
				C800DEBD18916A1D00A5C4A9 /* Pool Monitor.app */,
				C800DEDD18916A1D00A5C4A9 /* Pool MonitorTests.xctest */,
			);
			name = Products;
			sourceTree = "<group>";
		};
		C800DEBF18916A1D00A5C4A9 /* Frameworks */ = {
			isa = PBXGroup;
			children = (
				C800DEC018916A1D00A5C4A9 /* Foundation.framework */,
				C800DEC218916A1D00A5C4A9 /* CoreGraphics.framework */,
				C800DEC418916A1D00A5C4A9 /* UIKit.framework */,
				C800DEC618916A1D00A5C4A9 /* CoreData.framework */,
				C800DEDE18916A1D00A5C4A9 /* XCTest.framework */,
			);
			name = Frameworks;
			sourceTree = "<group>";
		};
		C800DEC818916A1D00A5C4A9 /* Pool Monitor */ = {
			isa = PBXGroup;
			children = (
				C800DED118916A1D00A5C4A9 /* PMAppDelegate.h */,
				C800DED218916A1D00A5C4A9 /* PMAppDelegate.m */,
				C800DED718916A1D00A5C4A9 /* Images.xcassets */,
				C800DED418916A1D00A5C4A9 /* Pool_Monitor.xcdatamodeld */,
				C800DEC918916A1D00A5C4A9 /* Supporting Files */,
			);
			path = "Pool Monitor";
			sourceTree = "<group>";
		};
		C800DEC918916A1D00A5C4A9 /* Supporting Files */ = {
			isa = PBXGroup;
			children = (
				C800DECA18916A1D00A5C4A9 /* Pool Monitor-Info.plist */,
				C800DECB18916A1D00A5C4A9 /* InfoPlist.strings */,
				C800DECE18916A1D00A5C4A9 /* main.m */,
				C800DED018916A1D00A5C4A9 /* Pool Monitor-Prefix.pch */,
			);
			name = "Supporting Files";
			sourceTree = "<group>";
		};
		C800DEE518916A1D00A5C4A9 /* Pool MonitorTests */ = {
			isa = PBXGroup;
			children = (
				C800DEEB18916A1D00A5C4A9 /* Pool_MonitorTests.m */,
				C800DEE618916A1D00A5C4A9 /* Supporting Files */,
			);
			path = "Pool MonitorTests";
			sourceTree = "<group>";
		};
		C800DEE618916A1D00A5C4A9 /* Supporting Files */ = {
			isa = PBXGroup;
			children = (
				C800DEE718916A1D00A5C4A9 /* Pool MonitorTests-Info.plist */,
				C800DEE818916A1D00A5C4A9 /* InfoPlist.strings */,
			);
			name = "Supporting Files";
			sourceTree = "<group>";
		};
/* End PBXGroup section */

/* Begin PBXNativeTarget section */
		C800DEBC18916A1D00A5C4A9 /* Pool Monitor */ = {
			isa = PBXNativeTarget;
			buildConfigurationList = C800DEEF18916A1D00A5C4A9 /* Build configuration list for PBXNativeTarget "Pool Monitor" */;
			buildPhases = (
				C800DEB918916A1D00A5C4A9 /* Sources */,
				C800DEBA18916A1D00A5C4A9 /* Frameworks */,
				C800DEBB18916A1D00A5C4A9 /* Resources */,
			);
			buildRules = (
			);
			dependencies = (
			);
			name = "Pool Monitor";
			productName = "Pool Monitor";
			productReference = C800DEBD18916A1D00A5C4A9 /* Pool Monitor.app */;
			productType = "com.apple.product-type.application";
		};
		C800DEDC18916A1D00A5C4A9 /* Pool MonitorTests */ = {
			isa = PBXNativeTarget;
			buildConfigurationList = C800DEF218916A1D00A5C4A9 /* Build configuration list for PBXNativeTarget "Pool MonitorTests" */;
			buildPhases = (
				C800DED918916A1D00A5C4A9 /* Sources */,
				C800DEDA18916A1D00A5C4A9 /* Frameworks */,
				C800DEDB18916A1D00A5C4A9 /* Resources */,
			);
			buildRules = (
			);
			dependencies = (
				C800DEE418916A1D00A5C4A9 /* PBXTargetDependency */,
			);
			name = "Pool MonitorTests";
			productName = "Pool MonitorTests";
			productReference = C800DEDD18916A1D00A5C4A9 /* Pool MonitorTests.xctest */;
			productType = "com.apple.product-type.bundle.unit-test";
		};
/* End PBXNativeTarget section */

/* Begin PBXProject section */
		C800DEB518916A1D00A5C4A9 /* Project object */ = {
			isa = PBXProject;
			attributes = {
				CLASSPREFIX = PM;
				LastUpgradeCheck = 0510;
				ORGANIZATIONNAME = "Jonathan Duss";
				TargetAttributes = {
					C800DEDC18916A1D00A5C4A9 = {
						TestTargetID = C800DEBC18916A1D00A5C4A9;
					};
				};
			};
			buildConfigurationList = C800DEB818916A1D00A5C4A9 /* Build configuration list for PBXProject "Pool Monitor" */;
			compatibilityVersion = "Xcode 3.2";
			developmentRegion = English;
			hasScannedForEncodings = 0;
			knownRegions = (
				en,
			);
			mainGroup = C800DEB418916A1D00A5C4A9;
			productRefGroup = C800DEBE18916A1D00A5C4A9 /* Products */;
			projectDirPath = "";
			projectRoot = "";
			targets = (
				C800DEBC18916A1D00A5C4A9 /* Pool Monitor */,
				C800DEDC18916A1D00A5C4A9 /* Pool MonitorTests */,
			);
		};
/* End PBXProject section */

/* Begin PBXResourcesBuildPhase section */
		C800DEBB18916A1D00A5C4A9 /* Resources */ = {
			isa = PBXResourcesBuildPhase;
			buildActionMask = 2147483647;
			files = (
				C800DECD18916A1D00A5C4A9 /* InfoPlist.strings in Resources */,
				C800DED818916A1D00A5C4A9 /* Images.xcassets in Resources */,
			);
			runOnlyForDeploymentPostprocessing = 0;
		};
		C800DEDB18916A1D00A5C4A9 /* Resources */ = {
			isa = PBXResourcesBuildPhase;
			buildActionMask = 2147483647;
			files = (
				C800DEEA18916A1D00A5C4A9 /* InfoPlist.strings in Resources */,
			);
			runOnlyForDeploymentPostprocessing = 0;
		};
/* End PBXResourcesBuildPhase section */

/* Begin PBXSourcesBuildPhase section */
		C800DEB918916A1D00A5C4A9 /* Sources */ = {
			isa = PBXSourcesBuildPhase;
			buildActionMask = 2147483647;
			files = (
				C800DED618916A1D00A5C4A9 /* Pool_Monitor.xcdatamodeld in Sources */,
				C800DECF18916A1D00A5C4A9 /* main.m in Sources */,
				C800DED318916A1D00A5C4A9 /* PMAppDelegate.m in Sources */,
			);
			runOnlyForDeploymentPostprocessing = 0;
		};
		C800DED918916A1D00A5C4A9 /* Sources */ = {
			isa = PBXSourcesBuildPhase;
			buildActionMask = 2147483647;
			files = (
				C800DEEC18916A1D00A5C4A9 /* Pool_MonitorTests.m in Sources */,
			);
			runOnlyForDeploymentPostprocessing = 0;
		};
/* End PBXSourcesBuildPhase section */

/* Begin PBXTargetDependency section */
		C800DEE418916A1D00A5C4A9 /* PBXTargetDependency */ = {
			isa = PBXTargetDependency;
			target = C800DEBC18916A1D00A5C4A9 /* Pool Monitor */;
			targetProxy = C800DEE318916A1D00A5C4A9 /* PBXContainerItemProxy */;
		};
/* End PBXTargetDependency section */

/* Begin PBXVariantGroup section */
		C800DECB18916A1D00A5C4A9 /* InfoPlist.strings */ = {
			isa = PBXVariantGroup;
			children = (
				C800DECC18916A1D00A5C4A9 /* en */,
			);
			name = InfoPlist.strings;
			sourceTree = "<group>";
		};
		C800DEE818916A1D00A5C4A9 /* InfoPlist.strings */ = {
			isa = PBXVariantGroup;
			children = (
				C800DEE918916A1D00A5C4A9 /* en */,
			);
			name = InfoPlist.strings;
			sourceTree = "<group>";
		};
/* End PBXVariantGroup section */

/* Begin XCBuildConfiguration section */
		C800DEED18916A1D00A5C4A9 /* Debug */ = {
			isa = XCBuildConfiguration;
			buildSettings = {
				ALWAYS_SEARCH_USER_PATHS = NO;
				ARCHS = "$(ARCHS_STANDARD_INCLUDING_64_BIT)";
				CLANG_CXX_LANGUAGE_STANDARD = "gnu++0x";
				CLANG_CXX_LIBRARY = "libc++";
				CLANG_ENABLE_MODULES = YES;
				CLANG_ENABLE_OBJC_ARC = YES;
				CLANG_WARN_BOOL_CONVERSION = YES;
				CLANG_WARN_CONSTANT_CONVERSION = YES;
				CLANG_WARN_DIRECT_OBJC_ISA_USAGE = YES_ERROR;
				CLANG_WARN_EMPTY_BODY = YES;
				CLANG_WARN_ENUM_CONVERSION = YES;
				CLANG_WARN_INT_CONVERSION = YES;
				CLANG_WARN_OBJC_ROOT_CLASS = YES_ERROR;
				CLANG_WARN__DUPLICATE_METHOD_MATCH = YES;
				"CODE_SIGN_IDENTITY[sdk=iphoneos*]" = "iPhone Developer";
				COPY_PHASE_STRIP = NO;
				GCC_C_LANGUAGE_STANDARD = gnu99;
				GCC_DYNAMIC_NO_PIC = NO;
				GCC_OPTIMIZATION_LEVEL = 0;
				GCC_PREPROCESSOR_DEFINITIONS = (
					"DEBUG=1",
					"$(inherited)",
				);
				GCC_SYMBOLS_PRIVATE_EXTERN = NO;
				GCC_WARN_64_TO_32_BIT_CONVERSION = YES;
				GCC_WARN_ABOUT_RETURN_TYPE = YES_ERROR;
				GCC_WARN_UNDECLARED_SELECTOR = YES;
				GCC_WARN_UNINITIALIZED_AUTOS = YES_AGGRESSIVE;
				GCC_WARN_UNUSED_FUNCTION = YES;
				GCC_WARN_UNUSED_VARIABLE = YES;
				IPHONEOS_DEPLOYMENT_TARGET = 7.1;
				ONLY_ACTIVE_ARCH = YES;
				SDKROOT = iphoneos;
			};
			name = Debug;
		};
		C800DEEE18916A1D00A5C4A9 /* Release */ = {
			isa = XCBuildConfiguration;
			buildSettings = {
				ALWAYS_SEARCH_USER_PATHS = NO;
				ARCHS = "$(ARCHS_STANDARD_INCLUDING_64_BIT)";
				CLANG_CXX_LANGUAGE_STANDARD = "gnu++0x";
				CLANG_CXX_LIBRARY = "libc++";
				CLANG_ENABLE_MODULES = YES;
				CLANG_ENABLE_OBJC_ARC = YES;
				CLANG_WARN_BOOL_CONVERSION = YES;
				CLANG_WARN_CONSTANT_CONVERSION = YES;
				CLANG_WARN_DIRECT_OBJC_ISA_USAGE = YES_ERROR;
				CLANG_WARN_EMPTY_BODY = YES;
				CLANG_WARN_ENUM_CONVERSION = YES;
				CLANG_WARN_INT_CONVERSION = YES;
				CLANG_WARN_OBJC_ROOT_CLASS = YES_ERROR;
				CLANG_WARN__DUPLICATE_METHOD_MATCH = YES;
				"CODE_SIGN_IDENTITY[sdk=iphoneos*]" = "iPhone Developer";
				COPY_PHASE_STRIP = YES;
				ENABLE_NS_ASSERTIONS = NO;
				GCC_C_LANGUAGE_STANDARD = gnu99;
				GCC_WARN_64_TO_32_BIT_CONVERSION = YES;
				GCC_WARN_ABOUT_RETURN_TYPE = YES_ERROR;
				GCC_WARN_UNDECLARED_SELECTOR = YES;
				GCC_WARN_UNINITIALIZED_AUTOS = YES_AGGRESSIVE;
				GCC_WARN_UNUSED_FUNCTION = YES;
				GCC_WARN_UNUSED_VARIABLE = YES;
				IPHONEOS_DEPLOYMENT_TARGET = 7.1;
				SDKROOT = iphoneos;
				VALIDATE_PRODUCT = YES;
			};
			name = Release;
		};
		C800DEF018916A1D00A5C4A9 /* Debug */ = {
			isa = XCBuildConfiguration;
			buildSettings = {
				ASSETCATALOG_COMPILER_APPICON_NAME = AppIcon;
				ASSETCATALOG_COMPILER_LAUNCHIMAGE_NAME = LaunchImage;
				GCC_PRECOMPILE_PREFIX_HEADER = YES;
				GCC_PREFIX_HEADER = "Pool Monitor/Pool Monitor-Prefix.pch";
				INFOPLIST_FILE = "Pool Monitor/Pool Monitor-Info.plist";
				PRODUCT_NAME = "$(TARGET_NAME)";
				WRAPPER_EXTENSION = app;
			};
			name = Debug;
		};
		C800DEF118916A1D00A5C4A9 /* Release */ = {
			isa = XCBuildConfiguration;
			buildSettings = {
				ASSETCATALOG_COMPILER_APPICON_NAME = AppIcon;
				ASSETCATALOG_COMPILER_LAUNCHIMAGE_NAME = LaunchImage;
				GCC_PRECOMPILE_PREFIX_HEADER = YES;
				GCC_PREFIX_HEADER = "Pool Monitor/Pool Monitor-Prefix.pch";
				INFOPLIST_FILE = "Pool Monitor/Pool Monitor-Info.plist";
				PRODUCT_NAME = "$(TARGET_NAME)";
				WRAPPER_EXTENSION = app;
			};
			name = Release;
		};
		C800DEF318916A1D00A5C4A9 /* Debug */ = {
			isa = XCBuildConfiguration;
			buildSettings = {
				ARCHS = "$(ARCHS_STANDARD_INCLUDING_64_BIT)";
				BUNDLE_LOADER = "$(BUILT_PRODUCTS_DIR)/Pool Monitor.app/Pool Monitor";
				FRAMEWORK_SEARCH_PATHS = (
					"$(SDKROOT)/Developer/Library/Frameworks",
					"$(inherited)",
					"$(DEVELOPER_FRAMEWORKS_DIR)",
				);
				GCC_PRECOMPILE_PREFIX_HEADER = YES;
				GCC_PREFIX_HEADER = "Pool Monitor/Pool Monitor-Prefix.pch";
				GCC_PREPROCESSOR_DEFINITIONS = (
					"DEBUG=1",
					"$(inherited)",
				);
				INFOPLIST_FILE = "Pool MonitorTests/Pool MonitorTests-Info.plist";
				PRODUCT_NAME = "$(TARGET_NAME)";
				TEST_HOST = "$(BUNDLE_LOADER)";
				WRAPPER_EXTENSION = xctest;
			};
			name = Debug;
		};
		C800DEF418916A1D00A5C4A9 /* Release */ = {
			isa = XCBuildConfiguration;
			buildSettings = {
				ARCHS = "$(ARCHS_STANDARD_INCLUDING_64_BIT)";
				BUNDLE_LOADER = "$(BUILT_PRODUCTS_DIR)/Pool Monitor.app/Pool Monitor";
				FRAMEWORK_SEARCH_PATHS = (
					"$(SDKROOT)/Developer/Library/Frameworks",
					"$(inherited)",
					"$(DEVELOPER_FRAMEWORKS_DIR)",
				);
				GCC_PRECOMPILE_PREFIX_HEADER = YES;
				GCC_PREFIX_HEADER = "Pool Monitor/Pool Monitor-Prefix.pch";
				INFOPLIST_FILE = "Pool MonitorTests/Pool MonitorTests-Info.plist";
				PRODUCT_NAME = "$(TARGET_NAME)";
				TEST_HOST = "$(BUNDLE_LOADER)";
				WRAPPER_EXTENSION = xctest;
			};
			name = Release;
		};
/* End XCBuildConfiguration section */

/* Begin XCConfigurationList section */
		C800DEB818916A1D00A5C4A9 /* Build configuration list for PBXProject "Pool Monitor" */ = {
			isa = XCConfigurationList;
			buildConfigurations = (
				C800DEED18916A1D00A5C4A9 /* Debug */,
				C800DEEE18916A1D00A5C4A9 /* Release */,
			);
			defaultConfigurationIsVisible = 0;
			defaultConfigurationName = Release;
		};
		C800DEEF18916A1D00A5C4A9 /* Build configuration list for PBXNativeTarget "Pool Monitor" */ = {
			isa = XCConfigurationList;
			buildConfigurations = (
				C800DEF018916A1D00A5C4A9 /* Debug */,
				C800DEF118916A1D00A5C4A9 /* Release */,
			);
			defaultConfigurationIsVisible = 0;
		};
		C800DEF218916A1D00A5C4A9 /* Build configuration list for PBXNativeTarget "Pool MonitorTests" */ = {
			isa = XCConfigurationList;
			buildConfigurations = (
				C800DEF318916A1D00A5C4A9 /* Debug */,
				C800DEF418916A1D00A5C4A9 /* Release */,
			);
			defaultConfigurationIsVisible = 0;
		};
/* End XCConfigurationList section */

/* Begin XCVersionGroup section */
		C800DED418916A1D00A5C4A9 /* Pool_Monitor.xcdatamodeld */ = {
			isa = XCVersionGroup;
			children = (
				C800DED518916A1D00A5C4A9 /* Pool_Monitor.xcdatamodel */,
			);
			currentVersion = C800DED518916A1D00A5C4A9 /* Pool_Monitor.xcdatamodel */;
			path = Pool_Monitor.xcdatamodeld;
			sourceTree = "<group>";
			versionGroupType = wrapper.xcdatamodel;
		};
/* End XCVersionGroup section */
	};
	rootObject = C800DEB518916A1D00A5C4A9 /* Project object */;
}
